
Microsoft Visual Studio Solution File, Format Version 12.00
# Visual Studio Version 16
VisualStudioVersion = 16.0.29911.84
MinimumVisualStudioVersion = 10.0.40219.1
Project("{FAE04EC0-301F-11D3-BF4B-00C04F79EFBC}") = "Clubandsocities2", "Clubandsocities2.csproj", "{C8B4148A-F195-48C5-86AB-D191EC0DB82F}"
EndProject
Project("{FAE04EC0-301F-11D3-BF4B-00C04F79EFBC}") = "Club Representative", "..\..\..\..\Club Representative\Club Representative\Club Representative.csproj", "{7BDBC9A6-49E0-47F5-BEB1-AF60B53824A7}"
EndProject
Global
	GlobalSection(SolutionConfigurationPlatforms) = preSolution
		Debug|Any CPU = Debug|Any CPU
		Release|Any CPU = Release|Any CPU
	EndGlobalSection
	GlobalSection(ProjectConfigurationPlatforms) = postSolution
		{C8B4148A-F195-48C5-86AB-D191EC0DB82F}.Debug|Any CPU.ActiveCfg = Debug|Any CPU
		{C8B4148A-F195-48C5-86AB-D191EC0DB82F}.Debug|Any CPU.Build.0 = Debug|Any CPU
		{C8B4148A-F195-48C5-86AB-D191EC0DB82F}.Release|Any CPU.ActiveCfg = Release|Any CPU
		{C8B4148A-F195-48C5-86AB-D191EC0DB82F}.Release|Any CPU.Build.0 = Release|Any CPU
		{7BDBC9A6-49E0-47F5-BEB1-AF60B53824A7}.Debug|Any CPU.ActiveCfg = Debug|Any CPU
		{7BDBC9A6-49E0-47F5-BEB1-AF60B53824A7}.Debug|Any CPU.Build.0 = Debug|Any CPU
		{7BDBC9A6-49E0-47F5-BEB1-AF60B53824A7}.Release|Any CPU.ActiveCfg = Release|Any CPU
		{7BDBC9A6-49E0-47F5-BEB1-AF60B53824A7}.Release|Any CPU.Build.0 = Release|Any CPU
	EndGlobalSection
	GlobalSection(SolutionProperties) = preSolution
		HideSolutionNode = FALSE
	EndGlobalSection
	GlobalSection(ExtensibilityGlobals) = postSolution
		SolutionGuid = {97D1A828-E93C-48DD-9167-4BE46C3FBCD9}
	EndGlobalSection
EndGlobal
